{
  "name": "dependabot",
  "version": "1.0.0",
  "lockfileVersion": 1,
  "requires": true,
  "dependencies": {
    "argument.js": {
      "version": "0.0.1",
      "resolved": "https://registry.npmjs.org/argument.js/-/argument.js-0.0.1.tgz",
      "integrity": "sha1-7Xxwql7yMedi450XRleN/Px7PQI="
    },
    "array-path-join": {
      "version": "0.0.1",
      "resolved": "https://registry.npmjs.org/array-path-join/-/array-path-join-0.0.1.tgz",
      "integrity": "sha1-HMK6twOm/kbHYRcmsnzOGEpZZqg="
    },
    "file-type": {
      "version": "4.4.0",
      "resolved": "https://registry.npmjs.org/file-type/-/file-type-4.4.0.tgz",
      "integrity": "sha1-G2AOX8ofvcboDApwxxyNul95BsU="
    },
    "hekto": {
      "version": "0.2.4",
      "resolved": "https://registry.npmjs.org/hekto/-/hekto-0.2.4.tgz",
      "integrity": "sha512-HDWMKq/EO3DHVxZfT++AN9QXXeekXJZLq5Zwunw9I9MTStKBo8bKaeC5Ne2jQ93f9wwz9Jn5nZv7t3VJHFFKOQ==",
      "requires": {
        "argument.js": "0.0.1",
        "array-path-join": "0.0.1",
        "file-type": "4.4.0",
        "koa": "1.6.0",
        "koa-cash": "2.2.0",
        "koa-compress": "1.0.9",
        "path-is-inside": "1.0.2",
        "read-chunk": "2.1.0"
      }
    },
    "koa": {
      "version": "1.6.0",
      "resolved": "https://registry.npmjs.org/koa/-/koa-1.6.0.tgz",
      "integrity": "sha512-tW7xJGDG4LyhFUTtzIyqJCIaJIFgkre1tJPGNe/moRKOIU0L9vEIhW5z7iMX7FJTkYm45urdbPOGBp0VlWF03w=="
    },
    "koa-cash": {
      "version": "2.2.0",
      "resolved": "https://registry.npmjs.org/koa-cash/-/koa-cash-2.2.0.tgz",
      "integrity": "sha1-JmDhfqG6YoOUsKWA57x8Hv+/29A="
    },
    "koa-compress": {
      "version": "1.0.9",
      "resolved": "https://registry.npmjs.org/koa-compress/-/koa-compress-1.0.9.tgz",
      "integrity": "sha1-pgMDa+2rG5kH6nfMp9aUZzhS4/U="
    },
    "path-is-inside": {
      "version": "1.0.2",
      "resolved": "https://registry.npmjs.org/path-is-inside/-/path-is-inside-1.0.2.tgz",
      "integrity": "sha1-NlQX3t5EQw0cEa9hAn+s8HS9/FM="
    },
    "read-chunk": {
      "version": "2.1.0",
      "resolved": "https://registry.npmjs.org/read-chunk/-/read-chunk-2.1.0.tgz",
      "integrity": "sha1-agTAkoAF7Z1C4aasVgDhnLx/9lU="
    }
  }
}
